
Microsoft Visual Studio Solution File, Format Version 12.00
Project("{FAE04EC0-301F-11D3-BF4B-00C04F79EFBC}") = "Utilities", "Utilities\Utilities.csproj", "{D5896904-3E03-465C-8BDD-DA293132BFE6}"
EndProject
Global
	GlobalSection(SolutionConfigurationPlatforms) = preSolution
		Debug|Any CPU = Debug|Any CPU
		Release|Any CPU = Release|Any CPU
	EndGlobalSection
	GlobalSection(ProjectConfigurationPlatforms) = postSolution
		{D5896904-3E03-465C-8BDD-DA293132BFE6}.Debug|Any CPU.ActiveCfg = Debug|Any CPU
		{D5896904-3E03-465C-8BDD-DA293132BFE6}.Debug|Any CPU.Build.0 = Debug|Any CPU
		{D5896904-3E03-465C-8BDD-DA293132BFE6}.Release|Any CPU.ActiveCfg = Release|Any CPU
		{D5896904-3E03-465C-8BDD-DA293132BFE6}.Release|Any CPU.Build.0 = Release|Any CPU
	EndGlobalSection
EndGlobal
